
Microsoft Visual Studio Solution File, Format Version 12.00
# Visual Studio 15
VisualStudioVersion = 15.0.27130.2027
MinimumVisualStudioVersion = 10.0.40219.1
Project("{FAE04EC0-301F-11D3-BF4B-00C04F79EFBC}") = "Xeeny", "Xeeny\Xeeny.csproj", "{7639F48A-20B7-4BCC-AD4F-AE8178F9054A}"
EndProject
Project("{FAE04EC0-301F-11D3-BF4B-00C04F79EFBC}") = "Xeeny.Sockets", "Xeeny.Sockets\Xeeny.Sockets.csproj", "{4563DEF3-AEDA-4E6D-ACBE-320415FDC5DF}"
EndProject
Project("{FAE04EC0-301F-11D3-BF4B-00C04F79EFBC}") = "Xeeny.Extensions.Loggers", "Xeeny.Extensions.Loggers\Xeeny.Extensions.Loggers.csproj", "{E5EA8BFF-6F0E-42C8-8D29-C32F7B9E6F29}"
EndProject
Project("{FAE04EC0-301F-11D3-BF4B-00C04F79EFBC}") = "Xeeny.Serialization.JsonSerializer", "Xeeny.Serialization.JsonSerializer\Xeeny.Serialization.JsonSerializer.csproj", "{85B2F5E4-908B-4C87-9ACB-E8FF69BD7829}"
EndProject
Project("{FAE04EC0-301F-11D3-BF4B-00C04F79EFBC}") = "Xeeny.Serialization.ProtobufSerializer", "Xeeny.Serialization.ProtobufSerializer\Xeeny.Serialization.ProtobufSerializer.csproj", "{750790A8-C40A-4C34-AA33-C46EBFC5B32A}"
EndProject
Project("{FAE04EC0-301F-11D3-BF4B-00C04F79EFBC}") = "Xeeny.ConsoleTest", "Xeeny.ConsoleTest\Xeeny.ConsoleTest.csproj", "{4524C7F4-788F-4342-A3A6-5C62D6FC96B1}"
EndProject
Project("{FAE04EC0-301F-11D3-BF4B-00C04F79EFBC}") = "Xeeny.ChatExample", "Xeeny.ChatExample\Xeeny.ChatExample.csproj", "{F99DB70F-A1D1-483E-9424-FEEB5536DCEE}"
EndProject
Project("{2150E333-8FDC-42A3-9474-1A3956D46DE8}") = "framework", "framework", "{E311F5F6-0C78-4859-A5D9-948ADC3208D2}"
EndProject
Project("{2150E333-8FDC-42A3-9474-1A3956D46DE8}") = "tests", "tests", "{410A6F61-9AE0-4A08-BE1E-B45008DD78A7}"
EndProject
Global
	GlobalSection(SolutionConfigurationPlatforms) = preSolution
		Debug|Any CPU = Debug|Any CPU
		Release|Any CPU = Release|Any CPU
	EndGlobalSection
	GlobalSection(ProjectConfigurationPlatforms) = postSolution
		{7639F48A-20B7-4BCC-AD4F-AE8178F9054A}.Debug|Any CPU.ActiveCfg = Debug|Any CPU
		{7639F48A-20B7-4BCC-AD4F-AE8178F9054A}.Debug|Any CPU.Build.0 = Debug|Any CPU
		{7639F48A-20B7-4BCC-AD4F-AE8178F9054A}.Release|Any CPU.ActiveCfg = Release|Any CPU
		{7639F48A-20B7-4BCC-AD4F-AE8178F9054A}.Release|Any CPU.Build.0 = Release|Any CPU
		{4563DEF3-AEDA-4E6D-ACBE-320415FDC5DF}.Debug|Any CPU.ActiveCfg = Debug|Any CPU
		{4563DEF3-AEDA-4E6D-ACBE-320415FDC5DF}.Debug|Any CPU.Build.0 = Debug|Any CPU
		{4563DEF3-AEDA-4E6D-ACBE-320415FDC5DF}.Release|Any CPU.ActiveCfg = Release|Any CPU
		{4563DEF3-AEDA-4E6D-ACBE-320415FDC5DF}.Release|Any CPU.Build.0 = Release|Any CPU
		{E5EA8BFF-6F0E-42C8-8D29-C32F7B9E6F29}.Debug|Any CPU.ActiveCfg = Debug|Any CPU
		{E5EA8BFF-6F0E-42C8-8D29-C32F7B9E6F29}.Debug|Any CPU.Build.0 = Debug|Any CPU
		{E5EA8BFF-6F0E-42C8-8D29-C32F7B9E6F29}.Release|Any CPU.ActiveCfg = Release|Any CPU
		{E5EA8BFF-6F0E-42C8-8D29-C32F7B9E6F29}.Release|Any CPU.Build.0 = Release|Any CPU
		{85B2F5E4-908B-4C87-9ACB-E8FF69BD7829}.Debug|Any CPU.ActiveCfg = Debug|Any CPU
		{85B2F5E4-908B-4C87-9ACB-E8FF69BD7829}.Debug|Any CPU.Build.0 = Debug|Any CPU
		{85B2F5E4-908B-4C87-9ACB-E8FF69BD7829}.Release|Any CPU.ActiveCfg = Release|Any CPU
		{85B2F5E4-908B-4C87-9ACB-E8FF69BD7829}.Release|Any CPU.Build.0 = Release|Any CPU
		{750790A8-C40A-4C34-AA33-C46EBFC5B32A}.Debug|Any CPU.ActiveCfg = Debug|Any CPU
		{750790A8-C40A-4C34-AA33-C46EBFC5B32A}.Debug|Any CPU.Build.0 = Debug|Any CPU
		{750790A8-C40A-4C34-AA33-C46EBFC5B32A}.Release|Any CPU.ActiveCfg = Release|Any CPU
		{750790A8-C40A-4C34-AA33-C46EBFC5B32A}.Release|Any CPU.Build.0 = Release|Any CPU
		{4524C7F4-788F-4342-A3A6-5C62D6FC96B1}.Debug|Any CPU.ActiveCfg = Debug|Any CPU
		{4524C7F4-788F-4342-A3A6-5C62D6FC96B1}.Debug|Any CPU.Build.0 = Debug|Any CPU
		{4524C7F4-788F-4342-A3A6-5C62D6FC96B1}.Release|Any CPU.ActiveCfg = Release|Any CPU
		{4524C7F4-788F-4342-A3A6-5C62D6FC96B1}.Release|Any CPU.Build.0 = Release|Any CPU
		{F99DB70F-A1D1-483E-9424-FEEB5536DCEE}.Debug|Any CPU.ActiveCfg = Debug|Any CPU
		{F99DB70F-A1D1-483E-9424-FEEB5536DCEE}.Debug|Any CPU.Build.0 = Debug|Any CPU
		{F99DB70F-A1D1-483E-9424-FEEB5536DCEE}.Release|Any CPU.ActiveCfg = Release|Any CPU
		{F99DB70F-A1D1-483E-9424-FEEB5536DCEE}.Release|Any CPU.Build.0 = Release|Any CPU
	EndGlobalSection
	GlobalSection(SolutionProperties) = preSolution
		HideSolutionNode = FALSE
	EndGlobalSection
	GlobalSection(NestedProjects) = preSolution
		{7639F48A-20B7-4BCC-AD4F-AE8178F9054A} = {E311F5F6-0C78-4859-A5D9-948ADC3208D2}
		{4563DEF3-AEDA-4E6D-ACBE-320415FDC5DF} = {E311F5F6-0C78-4859-A5D9-948ADC3208D2}
		{E5EA8BFF-6F0E-42C8-8D29-C32F7B9E6F29} = {E311F5F6-0C78-4859-A5D9-948ADC3208D2}
		{85B2F5E4-908B-4C87-9ACB-E8FF69BD7829} = {E311F5F6-0C78-4859-A5D9-948ADC3208D2}
		{750790A8-C40A-4C34-AA33-C46EBFC5B32A} = {E311F5F6-0C78-4859-A5D9-948ADC3208D2}
		{4524C7F4-788F-4342-A3A6-5C62D6FC96B1} = {410A6F61-9AE0-4A08-BE1E-B45008DD78A7}
		{F99DB70F-A1D1-483E-9424-FEEB5536DCEE} = {410A6F61-9AE0-4A08-BE1E-B45008DD78A7}
	EndGlobalSection
	GlobalSection(ExtensibilityGlobals) = postSolution
		SolutionGuid = {C83B20B6-D44D-448C-B815-8DCEFC0ABB54}
	EndGlobalSection
EndGlobal
